Microsoft Visual Studio Solution File, Format Version 12.00
# Visual Studio 15
Project("{2150E333-8FDC-42A3-9474-1A3956D46DE8}") = "CMakePredefinedTargets", "CMakePredefinedTargets", "{E19AF053-5DB1-34EE-85B5-6487F02EF0D3}"
EndProject
Project("{2150E333-8FDC-42A3-9474-1A3956D46DE8}") = "GLFW3", "GLFW3", "{479BF897-E190-3C32-B8F1-0DF9FC314B8D}"
EndProject
Project("{8BC9CEB8-8B4A-11D0-8D11-00A0C91BC942}") = "ALL_BUILD", "ALL_BUILD.vcxproj", "{26EC5165-F590-34B2-AAFB-A2C1C2B6D3C8}"
	ProjectSection(ProjectDependencies) = postProject
		{945BE1DC-AFD5-3816-99BC-E1C22563A7BD} = {945BE1DC-AFD5-3816-99BC-E1C22563A7BD}
		{B51D82C1-7579-3F82-B527-8995D68809AF} = {B51D82C1-7579-3F82-B527-8995D68809AF}
		{63FAA649-D22D-30F8-810E-6E42AD38117B} = {63FAA649-D22D-30F8-810E-6E42AD38117B}
	EndProjectSection
EndProject
Project("{8BC9CEB8-8B4A-11D0-8D11-00A0C91BC942}") = "ZERO_CHECK", "ZERO_CHECK.vcxproj", "{945BE1DC-AFD5-3816-99BC-E1C22563A7BD}"
	ProjectSection(ProjectDependencies) = postProject
	EndProjectSection
EndProject
Project("{8BC9CEB8-8B4A-11D0-8D11-00A0C91BC942}") = "demo", "demo.vcxproj", "{B51D82C1-7579-3F82-B527-8995D68809AF}"
	ProjectSection(ProjectDependencies) = postProject
		{945BE1DC-AFD5-3816-99BC-E1C22563A7BD} = {945BE1DC-AFD5-3816-99BC-E1C22563A7BD}
		{63FAA649-D22D-30F8-810E-6E42AD38117B} = {63FAA649-D22D-30F8-810E-6E42AD38117B}
	EndProjectSection
EndProject
Project("{8BC9CEB8-8B4A-11D0-8D11-00A0C91BC942}") = "glfw", "glfw-3.2.1\src\glfw.vcxproj", "{63FAA649-D22D-30F8-810E-6E42AD38117B}"
	ProjectSection(ProjectDependencies) = postProject
		{945BE1DC-AFD5-3816-99BC-E1C22563A7BD} = {945BE1DC-AFD5-3816-99BC-E1C22563A7BD}
	EndProjectSection
EndProject
Project("{8BC9CEB8-8B4A-11D0-8D11-00A0C91BC942}") = "release", "release.vcxproj", "{924CAD21-6751-3C05-8844-0E53211ABA09}"
	ProjectSection(ProjectDependencies) = postProject
		{945BE1DC-AFD5-3816-99BC-E1C22563A7BD} = {945BE1DC-AFD5-3816-99BC-E1C22563A7BD}
		{4692C0C6-9ECB-3604-A6BE-9514909582EC} = {4692C0C6-9ECB-3604-A6BE-9514909582EC}
	EndProjectSection
EndProject
Project("{8BC9CEB8-8B4A-11D0-8D11-00A0C91BC942}") = "release_header", "release_header.vcxproj", "{4692C0C6-9ECB-3604-A6BE-9514909582EC}"
	ProjectSection(ProjectDependencies) = postProject
		{945BE1DC-AFD5-3816-99BC-E1C22563A7BD} = {945BE1DC-AFD5-3816-99BC-E1C22563A7BD}
	EndProjectSection
EndProject
Global
	GlobalSection(SolutionConfigurationPlatforms) = preSolution
		Debug|x64 = Debug|x64
		Release|x64 = Release|x64
		MinSizeRel|x64 = MinSizeRel|x64
		RelWithDebInfo|x64 = RelWithDebInfo|x64
	EndGlobalSection
	GlobalSection(ProjectConfigurationPlatforms) = postSolution
		{26EC5165-F590-34B2-AAFB-A2C1C2B6D3C8}.Debug|x64.ActiveCfg = Debug|x64
		{26EC5165-F590-34B2-AAFB-A2C1C2B6D3C8}.Release|x64.ActiveCfg = Release|x64
		{26EC5165-F590-34B2-AAFB-A2C1C2B6D3C8}.MinSizeRel|x64.ActiveCfg = MinSizeRel|x64
		{26EC5165-F590-34B2-AAFB-A2C1C2B6D3C8}.RelWithDebInfo|x64.ActiveCfg = RelWithDebInfo|x64
		{945BE1DC-AFD5-3816-99BC-E1C22563A7BD}.Debug|x64.ActiveCfg = Debug|x64
		{945BE1DC-AFD5-3816-99BC-E1C22563A7BD}.Debug|x64.Build.0 = Debug|x64
		{945BE1DC-AFD5-3816-99BC-E1C22563A7BD}.Release|x64.ActiveCfg = Release|x64
		{945BE1DC-AFD5-3816-99BC-E1C22563A7BD}.Release|x64.Build.0 = Release|x64
		{945BE1DC-AFD5-3816-99BC-E1C22563A7BD}.MinSizeRel|x64.ActiveCfg = MinSizeRel|x64
		{945BE1DC-AFD5-3816-99BC-E1C22563A7BD}.MinSizeRel|x64.Build.0 = MinSizeRel|x64
		{945BE1DC-AFD5-3816-99BC-E1C22563A7BD}.RelWithDebInfo|x64.ActiveCfg = RelWithDebInfo|x64
		{945BE1DC-AFD5-3816-99BC-E1C22563A7BD}.RelWithDebInfo|x64.Build.0 = RelWithDebInfo|x64
		{B51D82C1-7579-3F82-B527-8995D68809AF}.Debug|x64.ActiveCfg = Debug|x64
		{B51D82C1-7579-3F82-B527-8995D68809AF}.Debug|x64.Build.0 = Debug|x64
		{B51D82C1-7579-3F82-B527-8995D68809AF}.Release|x64.ActiveCfg = Release|x64
		{B51D82C1-7579-3F82-B527-8995D68809AF}.Release|x64.Build.0 = Release|x64
		{B51D82C1-7579-3F82-B527-8995D68809AF}.MinSizeRel|x64.ActiveCfg = MinSizeRel|x64
		{B51D82C1-7579-3F82-B527-8995D68809AF}.MinSizeRel|x64.Build.0 = MinSizeRel|x64
		{B51D82C1-7579-3F82-B527-8995D68809AF}.RelWithDebInfo|x64.ActiveCfg = RelWithDebInfo|x64
		{B51D82C1-7579-3F82-B527-8995D68809AF}.RelWithDebInfo|x64.Build.0 = RelWithDebInfo|x64
		{63FAA649-D22D-30F8-810E-6E42AD38117B}.Debug|x64.ActiveCfg = Debug|x64
		{63FAA649-D22D-30F8-810E-6E42AD38117B}.Debug|x64.Build.0 = Debug|x64
		{63FAA649-D22D-30F8-810E-6E42AD38117B}.Release|x64.ActiveCfg = Release|x64
		{63FAA649-D22D-30F8-810E-6E42AD38117B}.Release|x64.Build.0 = Release|x64
		{63FAA649-D22D-30F8-810E-6E42AD38117B}.MinSizeRel|x64.ActiveCfg = MinSizeRel|x64
		{63FAA649-D22D-30F8-810E-6E42AD38117B}.MinSizeRel|x64.Build.0 = MinSizeRel|x64
		{63FAA649-D22D-30F8-810E-6E42AD38117B}.RelWithDebInfo|x64.ActiveCfg = RelWithDebInfo|x64
		{63FAA649-D22D-30F8-810E-6E42AD38117B}.RelWithDebInfo|x64.Build.0 = RelWithDebInfo|x64
		{924CAD21-6751-3C05-8844-0E53211ABA09}.Debug|x64.ActiveCfg = Debug|x64
		{924CAD21-6751-3C05-8844-0E53211ABA09}.Debug|x64.Build.0 = Debug|x64
		{924CAD21-6751-3C05-8844-0E53211ABA09}.Release|x64.ActiveCfg = Release|x64
		{924CAD21-6751-3C05-8844-0E53211ABA09}.Release|x64.Build.0 = Release|x64
		{924CAD21-6751-3C05-8844-0E53211ABA09}.MinSizeRel|x64.ActiveCfg = MinSizeRel|x64
		{924CAD21-6751-3C05-8844-0E53211ABA09}.MinSizeRel|x64.Build.0 = MinSizeRel|x64
		{924CAD21-6751-3C05-8844-0E53211ABA09}.RelWithDebInfo|x64.ActiveCfg = RelWithDebInfo|x64
		{924CAD21-6751-3C05-8844-0E53211ABA09}.RelWithDebInfo|x64.Build.0 = RelWithDebInfo|x64
		{4692C0C6-9ECB-3604-A6BE-9514909582EC}.Debug|x64.ActiveCfg = Debug|x64
		{4692C0C6-9ECB-3604-A6BE-9514909582EC}.Debug|x64.Build.0 = Debug|x64
		{4692C0C6-9ECB-3604-A6BE-9514909582EC}.Release|x64.ActiveCfg = Release|x64
		{4692C0C6-9ECB-3604-A6BE-9514909582EC}.Release|x64.Build.0 = Release|x64
		{4692C0C6-9ECB-3604-A6BE-9514909582EC}.MinSizeRel|x64.ActiveCfg = MinSizeRel|x64
		{4692C0C6-9ECB-3604-A6BE-9514909582EC}.MinSizeRel|x64.Build.0 = MinSizeRel|x64
		{4692C0C6-9ECB-3604-A6BE-9514909582EC}.RelWithDebInfo|x64.ActiveCfg = RelWithDebInfo|x64
		{4692C0C6-9ECB-3604-A6BE-9514909582EC}.RelWithDebInfo|x64.Build.0 = RelWithDebInfo|x64
	EndGlobalSection
	GlobalSection(NestedProjects) = preSolution
		{26EC5165-F590-34B2-AAFB-A2C1C2B6D3C8} = {E19AF053-5DB1-34EE-85B5-6487F02EF0D3}
		{945BE1DC-AFD5-3816-99BC-E1C22563A7BD} = {E19AF053-5DB1-34EE-85B5-6487F02EF0D3}
		{63FAA649-D22D-30F8-810E-6E42AD38117B} = {479BF897-E190-3C32-B8F1-0DF9FC314B8D}
	EndGlobalSection
	GlobalSection(ExtensibilityGlobals) = postSolution
	EndGlobalSection
	GlobalSection(ExtensibilityAddIns) = postSolution
	EndGlobalSection
EndGlobal
